{
    "_readme": [
        "This file locks the dependencies of your project to a known state",
        "Read more about it at https://getcomposer.org/doc/01-basic-usage.md#installing-dependencies",
        "This file is @generated automatically"
    ],
    "content-hash": "74085398768b979cfa84bded77f7fde0",
    "packages": [],
    "packages-dev": [
        {
            "name": "symplify/monorepo-builder",
            "version": "11.0.5",
            "source": {
                "type": "git",
                "url": "https://github.com/symplify/monorepo-builder.git",
                "reference": "8c7381aea9d077503e9808131e4686458af14d5c"
            },
            "dist": {
                "type": "zip",
                "url": "https://api.github.com/repos/symplify/monorepo-builder/zipball/8c7381aea9d077503e9808131e4686458af14d5c",
                "reference": "8c7381aea9d077503e9808131e4686458af14d5c",
                "shasum": ""
            },
            "require": {
                "php": ">=7.2"
            },
            "bin": [
                "bin/monorepo-builder"
            ],
            "type": "library",
            "extra": {
                "branch-alias": {
                    "dev-main": "10.3-dev"
                }
            },
            "notification-url": "https://packagist.org/downloads/",
            "license": [
                "MIT"
            ],
            "description": "Prefixed version of Not only Composer tools to build a Monorepo.",
            "support": {
                "source": "https://github.com/symplify/monorepo-builder/tree/11.0.5"
            },
            "funding": [
                {
                    "url": "https://www.paypal.me/rectorphp",
                    "type": "custom"
                },
                {
                    "url": "https://github.com/tomasvotruba",
                    "type": "github"
                }
            ],
            "time": "2022-06-22T13:20:09+00:00"
        }
    ],
    "aliases": [],
    "minimum-stability": "stable",
    "stability-flags": [],
    "prefer-stable": false,
    "prefer-lowest": false,
    "platform": [],
    "platform-dev": [],
    "plugin-api-version": "2.2.0"
}
